
Microsoft Visual Studio Solution File, Format Version 12.00
# Visual Studio Version 17
VisualStudioVersion = 17.8.34330.188
MinimumVisualStudioVersion = 10.0.40219.1
Project("{FAE04EC0-301F-11D3-BF4B-00C04F79EFBC}") = "DataAccessLayer", "DataAccessLayer\DataAccessLayer.csproj", "{C2EACE35-565B-4121-A5B6-0163EB9200D0}"
EndProject
Project("{FAE04EC0-301F-11D3-BF4B-00C04F79EFBC}") = "DataBusinessLayer", "DataBusiness\DataBusinessLayer.csproj", "{F737BF65-0D0F-4735-AB17-857EE67C01C0}"
EndProject
Project("{FAE04EC0-301F-11D3-BF4B-00C04F79EFBC}") = "ApiLayer", "ApiLayer\ApiLayer.csproj", "{AEB14C6A-2412-4EEB-A585-BBFCD3A5C9D3}"
EndProject
Global
	GlobalSection(SolutionConfigurationPlatforms) = preSolution
		Debug|Any CPU = Debug|Any CPU
		Release|Any CPU = Release|Any CPU
	EndGlobalSection
	GlobalSection(ProjectConfigurationPlatforms) = postSolution
		{C2EACE35-565B-4121-A5B6-0163EB9200D0}.Debug|Any CPU.ActiveCfg = Debug|Any CPU
		{C2EACE35-565B-4121-A5B6-0163EB9200D0}.Debug|Any CPU.Build.0 = Debug|Any CPU
		{C2EACE35-565B-4121-A5B6-0163EB9200D0}.Release|Any CPU.ActiveCfg = Release|Any CPU
		{C2EACE35-565B-4121-A5B6-0163EB9200D0}.Release|Any CPU.Build.0 = Release|Any CPU
		{F737BF65-0D0F-4735-AB17-857EE67C01C0}.Debug|Any CPU.ActiveCfg = Debug|Any CPU
		{F737BF65-0D0F-4735-AB17-857EE67C01C0}.Debug|Any CPU.Build.0 = Debug|Any CPU
		{F737BF65-0D0F-4735-AB17-857EE67C01C0}.Release|Any CPU.ActiveCfg = Release|Any CPU
		{F737BF65-0D0F-4735-AB17-857EE67C01C0}.Release|Any CPU.Build.0 = Release|Any CPU
		{AEB14C6A-2412-4EEB-A585-BBFCD3A5C9D3}.Debug|Any CPU.ActiveCfg = Debug|Any CPU
		{AEB14C6A-2412-4EEB-A585-BBFCD3A5C9D3}.Debug|Any CPU.Build.0 = Debug|Any CPU
		{AEB14C6A-2412-4EEB-A585-BBFCD3A5C9D3}.Release|Any CPU.ActiveCfg = Release|Any CPU
		{AEB14C6A-2412-4EEB-A585-BBFCD3A5C9D3}.Release|Any CPU.Build.0 = Release|Any CPU
	EndGlobalSection
	GlobalSection(SolutionProperties) = preSolution
		HideSolutionNode = FALSE
	EndGlobalSection
	GlobalSection(ExtensibilityGlobals) = postSolution
		SolutionGuid = {06442DAD-1FF1-4594-8C48-536D29298B83}
	EndGlobalSection
EndGlobal
